
Microsoft Visual Studio Solution File, Format Version 12.00
# Visual Studio Version 16
VisualStudioVersion = 16.0.32407.337
MinimumVisualStudioVersion = 10.0.40219.1
Project("{2150E333-8FDC-42A3-9474-1A3956D46DE8}") = "Services", "Services", "{04DA2662-F858-46E6-83AE-1453E3172362}"
EndProject
Project("{2150E333-8FDC-42A3-9474-1A3956D46DE8}") = "PriceCalculatorService", "PriceCalculatorService", "{3D5405AE-E028-483D-82FD-805B0917E76E}"
EndProject
Project("{9A19103F-16F7-4668-BE54-9A1E7A4F7556}") = "PriceCalculator.API", "Services\PriceCalculatorService\PriceCalculator.API\PriceCalculator.API.csproj", "{72BEBB28-4C7C-4A68-8688-3A077EDAB915}"
EndProject
Project("{9A19103F-16F7-4668-BE54-9A1E7A4F7556}") = "Container.UnitTest", "Container.UnitTest\Container.UnitTest.csproj", "{EB955B94-56EC-49E9-BD89-999697EB56B2}"
EndProject
Project("{FAE04EC0-301F-11D3-BF4B-00C04F79EFBC}") = "Container.Xunit", "Container.Xunit\Container.Xunit.csproj", "{4681DF6E-8275-4785-90CF-F5A03229E23D}"
EndProject
Global
	GlobalSection(SolutionConfigurationPlatforms) = preSolution
		Debug|Any CPU = Debug|Any CPU
		Release|Any CPU = Release|Any CPU
	EndGlobalSection
	GlobalSection(ProjectConfigurationPlatforms) = postSolution
		{72BEBB28-4C7C-4A68-8688-3A077EDAB915}.Debug|Any CPU.ActiveCfg = Debug|Any CPU
		{72BEBB28-4C7C-4A68-8688-3A077EDAB915}.Debug|Any CPU.Build.0 = Debug|Any CPU
		{72BEBB28-4C7C-4A68-8688-3A077EDAB915}.Release|Any CPU.ActiveCfg = Release|Any CPU
		{72BEBB28-4C7C-4A68-8688-3A077EDAB915}.Release|Any CPU.Build.0 = Release|Any CPU
		{EB955B94-56EC-49E9-BD89-999697EB56B2}.Debug|Any CPU.ActiveCfg = Debug|Any CPU
		{EB955B94-56EC-49E9-BD89-999697EB56B2}.Debug|Any CPU.Build.0 = Debug|Any CPU
		{EB955B94-56EC-49E9-BD89-999697EB56B2}.Release|Any CPU.ActiveCfg = Release|Any CPU
		{EB955B94-56EC-49E9-BD89-999697EB56B2}.Release|Any CPU.Build.0 = Release|Any CPU
		{4681DF6E-8275-4785-90CF-F5A03229E23D}.Debug|Any CPU.ActiveCfg = Debug|Any CPU
		{4681DF6E-8275-4785-90CF-F5A03229E23D}.Debug|Any CPU.Build.0 = Debug|Any CPU
		{4681DF6E-8275-4785-90CF-F5A03229E23D}.Release|Any CPU.ActiveCfg = Release|Any CPU
		{4681DF6E-8275-4785-90CF-F5A03229E23D}.Release|Any CPU.Build.0 = Release|Any CPU
	EndGlobalSection
	GlobalSection(SolutionProperties) = preSolution
		HideSolutionNode = FALSE
	EndGlobalSection
	GlobalSection(NestedProjects) = preSolution
		{3D5405AE-E028-483D-82FD-805B0917E76E} = {04DA2662-F858-46E6-83AE-1453E3172362}
		{72BEBB28-4C7C-4A68-8688-3A077EDAB915} = {3D5405AE-E028-483D-82FD-805B0917E76E}
	EndGlobalSection
	GlobalSection(ExtensibilityGlobals) = postSolution
		SolutionGuid = {F1A2963C-C1E5-4DD3-B3FE-159ABBF0AD82}
	EndGlobalSection
EndGlobal
